
Microsoft Visual Studio Solution File, Format Version 12.00
# Visual Studio Version 17
VisualStudioVersion = 17.3.32825.248
MinimumVisualStudioVersion = 10.0.40219.1
Project("{FAE04EC0-301F-11D3-BF4B-00C04F79EFBC}") = "B8N159_HFT_2023241.Client", "B8N159_HFT_2023241.Client\B8N159_HFT_2023241.Client.csproj", "{40E15DDC-F1DC-4B04-9F1F-4CB0DC3F8E01}"
EndProject
Project("{FAE04EC0-301F-11D3-BF4B-00C04F79EFBC}") = "B8N159_HFT_2023241.Repository", "B8N159_HFT_2023241.Repository\B8N159_HFT_2023241.Repository.csproj", "{2FA42E41-1409-4DFF-AB53-BF7E333BF58E}"
EndProject
Project("{FAE04EC0-301F-11D3-BF4B-00C04F79EFBC}") = "B8N159_HFT_2023241.Logic", "B8N159_HFT_2023241.Logic\B8N159_HFT_2023241.Logic.csproj", "{7B4DFCAF-2536-474D-A3E4-F7410872EE97}"
EndProject
Project("{FAE04EC0-301F-11D3-BF4B-00C04F79EFBC}") = "B8N159_HFT_2023241.Models", "B8N159_HFT_2023241.Models\B8N159_HFT_2023241.Models.csproj", "{27067173-932A-4796-AECD-0C2DCB90133C}"
EndProject
Global
	GlobalSection(SolutionConfigurationPlatforms) = preSolution
		Debug|Any CPU = Debug|Any CPU
		Release|Any CPU = Release|Any CPU
	EndGlobalSection
	GlobalSection(ProjectConfigurationPlatforms) = postSolution
		{40E15DDC-F1DC-4B04-9F1F-4CB0DC3F8E01}.Debug|Any CPU.ActiveCfg = Debug|Any CPU
		{40E15DDC-F1DC-4B04-9F1F-4CB0DC3F8E01}.Debug|Any CPU.Build.0 = Debug|Any CPU
		{40E15DDC-F1DC-4B04-9F1F-4CB0DC3F8E01}.Release|Any CPU.ActiveCfg = Release|Any CPU
		{40E15DDC-F1DC-4B04-9F1F-4CB0DC3F8E01}.Release|Any CPU.Build.0 = Release|Any CPU
		{2FA42E41-1409-4DFF-AB53-BF7E333BF58E}.Debug|Any CPU.ActiveCfg = Debug|Any CPU
		{2FA42E41-1409-4DFF-AB53-BF7E333BF58E}.Debug|Any CPU.Build.0 = Debug|Any CPU
		{2FA42E41-1409-4DFF-AB53-BF7E333BF58E}.Release|Any CPU.ActiveCfg = Release|Any CPU
		{2FA42E41-1409-4DFF-AB53-BF7E333BF58E}.Release|Any CPU.Build.0 = Release|Any CPU
		{7B4DFCAF-2536-474D-A3E4-F7410872EE97}.Debug|Any CPU.ActiveCfg = Debug|Any CPU
		{7B4DFCAF-2536-474D-A3E4-F7410872EE97}.Debug|Any CPU.Build.0 = Debug|Any CPU
		{7B4DFCAF-2536-474D-A3E4-F7410872EE97}.Release|Any CPU.ActiveCfg = Release|Any CPU
		{7B4DFCAF-2536-474D-A3E4-F7410872EE97}.Release|Any CPU.Build.0 = Release|Any CPU
		{27067173-932A-4796-AECD-0C2DCB90133C}.Debug|Any CPU.ActiveCfg = Debug|Any CPU
		{27067173-932A-4796-AECD-0C2DCB90133C}.Debug|Any CPU.Build.0 = Debug|Any CPU
		{27067173-932A-4796-AECD-0C2DCB90133C}.Release|Any CPU.ActiveCfg = Release|Any CPU
		{27067173-932A-4796-AECD-0C2DCB90133C}.Release|Any CPU.Build.0 = Release|Any CPU
	EndGlobalSection
	GlobalSection(SolutionProperties) = preSolution
		HideSolutionNode = FALSE
	EndGlobalSection
	GlobalSection(ExtensibilityGlobals) = postSolution
		SolutionGuid = {D110AC50-776B-4A2C-A423-499205A4201D}
	EndGlobalSection
EndGlobal
